{
  "name": "screencompiler",
  "version": "1.0.0",
  "lockfileVersion": 3,
  "requires": true,
  "packages": {
    "": {
      "name": "screencompiler",
      "version": "1.0.0",
      "license": "ISC",
      "dependencies": {
        "csinterface-ts": "^1.0.3",
        "json-js": "^1.1.2",
        "types-for-adobe": "^7.0.12"
      }
    },
    "node_modules/csinterface-ts": {
      "version": "1.0.3",
      "resolved": "https://registry.npmjs.org/csinterface-ts/-/csinterface-ts-1.0.3.tgz",
      "integrity": "sha512-6vbWav/DLzq80mogkaFKp7iEH3DeJNKiBnMRcgJhceFUv7zJ+QKHrqlXFEcOdcqo0tWQHRZuM8gi4QN9p5ykqw=="
    },
    "node_modules/json-js": {
      "version": "1.1.2",
      "resolved": "https://registry.npmjs.org/json-js/-/json-js-1.1.2.tgz",
      "integrity": "sha512-IDp4by+J1JluT5Vsv3GDoDIJP6Xc+Tg/qyzDSS7eVux7Jf5aLbu7uSaEm+vGCFxSBlftOZg3I6FcefG197TfWA=="
    },
    "node_modules/types-for-adobe": {
      "version": "7.0.12",
      "resolved": "https://registry.npmjs.org/types-for-adobe/-/types-for-adobe-7.0.12.tgz",
      "integrity": "sha512-J45QGDJYI0OjxzvxaVmDypOJD4aVSP+ElB2m2HTuVJGkYa+0ED0sNTIfmla/46c6gZBUFcDVO2EvZ3hqT5gcnw=="
    }
  }
}
